
Microsoft Visual Studio Solution File, Format Version 12.00
# Visual Studio Version 17
VisualStudioVersion = 17.7.34202.233
MinimumVisualStudioVersion = 10.0.40219.1
Project("{9A19103F-16F7-4668-BE54-9A1E7A4F7556}") = "scanengine", "scanengine.csproj", "{9178E532-B4F7-42D7-AB4E-91FEC48DCC6E}"
EndProject
Global
	GlobalSection(SolutionConfigurationPlatforms) = preSolution
		Debug|Any CPU = Debug|Any CPU
		Release|Any CPU = Release|Any CPU
	EndGlobalSection
	GlobalSection(ProjectConfigurationPlatforms) = postSolution
		{9178E532-B4F7-42D7-AB4E-91FEC48DCC6E}.Debug|Any CPU.ActiveCfg = Debug|Any CPU
		{9178E532-B4F7-42D7-AB4E-91FEC48DCC6E}.Debug|Any CPU.Build.0 = Debug|Any CPU
		{9178E532-B4F7-42D7-AB4E-91FEC48DCC6E}.Release|Any CPU.ActiveCfg = Release|Any CPU
		{9178E532-B4F7-42D7-AB4E-91FEC48DCC6E}.Release|Any CPU.Build.0 = Release|Any CPU
	EndGlobalSection
	GlobalSection(SolutionProperties) = preSolution
		HideSolutionNode = FALSE
	EndGlobalSection
	GlobalSection(ExtensibilityGlobals) = postSolution
		SolutionGuid = {E651657B-D4C4-4799-A17D-96E61A9E6F30}
	EndGlobalSection
EndGlobal
